# THIS IS AN AUTOGENERATED FILE. DO NOT EDIT THIS FILE DIRECTLY.
# yarn lockfile v1


"@mapbox/extent@0.4.0":
  version "0.4.0"
  resolved "https://registry.yarnpkg.com/@mapbox/extent/-/extent-0.4.0.tgz#3e591f32e1f0c3981c864239f7b0ac06e610f8a9"
  integrity sha1-PlkfMuHww5gchkI597CsBuYQ+Kk=

"@mapbox/geojson-area@^0.2.1":
  version "0.2.2"
  resolved "https://registry.yarnpkg.com/@mapbox/geojson-area/-/geojson-area-0.2.2.tgz#18d7814aa36bf23fbbcc379f8e26a22927debf10"
  integrity sha1-GNeBSqNr8j+7zDefjiaiKSfevxA=
  dependencies:
    wgs84 "0.0.0"

"@mapbox/geojson-coords@0.0.0":
  version "0.0.0"
  resolved "https://registry.yarnpkg.com/@mapbox/geojson-coords/-/geojson-coords-0.0.0.tgz#4847a5b96059666e527a2139e75e35d84fd58f50"
  integrity sha1-SEeluWBZZm5SeiE551412E/Vj1A=
  dependencies:
    "@mapbox/geojson-normalize" "0.0.1"
    geojson-flatten "~0.2.1"

"@mapbox/geojson-extent@^0.3.2":
  version "0.3.2"
  resolved "https://registry.yarnpkg.com/@mapbox/geojson-extent/-/geojson-extent-0.3.2.tgz#a1bdb2015afd0e031c18c3f29f7eb229e4e1950f"
  integrity sha1-ob2yAVr9DgMcGMPyn36yKeThlQ8=
  dependencies:
    "@mapbox/extent" "0.4.0"
    "@mapbox/geojson-coords" "0.0.0"
    rw "~0.1.4"
    traverse "~0.6.6"

"@mapbox/geojson-normalize@0.0.1":
  version "0.0.1"
  resolved "https://registry.yarnpkg.com/@mapbox/geojson-normalize/-/geojson-normalize-0.0.1.tgz#1da1e6b3a7add3ad29909b30f438f60581b7cd80"
  integrity sha1-HaHms6et060pkJsw9Dj2BYG3zYA=

"@mapbox/geojson-rewind@^0.5.0":
  version "0.5.0"
  resolved "https://registry.yarnpkg.com/@mapbox/geojson-rewind/-/geojson-rewind-0.5.0.tgz#91f0ad56008c120caa19414b644d741249f4f560"
  integrity sha512-73l/qJQgj/T/zO1JXVfuVvvKDgikD/7D/rHAD28S9BG1OTstgmftrmqfCx4U+zQAmtsB6HcDA3a7ymdnJZAQgg==
  dependencies:
    concat-stream "~2.0.0"
    minimist "^1.2.5"

"@mapbox/geojson-types@^1.0.2":
  version "1.0.2"
  resolved "https://registry.yarnpkg.com/@mapbox/geojson-types/-/geojson-types-1.0.2.tgz#9aecf642cb00eab1080a57c4f949a65b4a5846d6"
  integrity sha512-e9EBqHHv3EORHrSfbR9DqecPNn+AmuAoQxV6aL8Xu30bJMJR1o8PZLZzpk1Wq7/NfCbuhmakHTPYRhoqLsXRnw==

"@mapbox/geojsonhint@3.0.0":
  version "3.0.0"
  resolved "https://registry.yarnpkg.com/@mapbox/geojsonhint/-/geojsonhint-3.0.0.tgz#42448232ce4236cb89c1b69c36b0cadeac99e02e"
  integrity sha512-zHcyh1rDHYnEBd6NvOWoeHLuvazlDkIjvz9MJx4cKwcKTlfrqgxVnTv1QLnVJnsSU5neJnhQJcgscR/Zl4uYgw==
  dependencies:
    concat-stream "^1.6.1"
    jsonlint-lines "1.7.1"
    minimist "1.2.0"
    vfile "^4.0.0"
    vfile-reporter "^5.1.1"

"@mapbox/jsonlint-lines-primitives@^2.0.2":
  version "2.0.2"
  resolved "https://registry.yarnpkg.com/@mapbox/jsonlint-lines-primitives/-/jsonlint-lines-primitives-2.0.2.tgz#ce56e539f83552b58d10d672ea4d6fc9adc7b234"
  integrity sha1-zlblOfg1UrWNENZy6k1vya3HsjQ=

"@mapbox/mapbox-gl-draw@^1.2.0":
  version "1.2.0"
  resolved "https://registry.yarnpkg.com/@mapbox/mapbox-gl-draw/-/mapbox-gl-draw-1.2.0.tgz#b6e5278afef65bd5d7d92366034997768e478ad9"
  integrity sha512-gMrP2zn8PzDtrs72FMJTPytCumX5vUn9R7IK38qBOVy9UfqbdWr56KYuNA/2X+jKn4FIOpmWf8CWkKpOaQkv7w==
  dependencies:
    "@mapbox/geojson-area" "^0.2.1"
    "@mapbox/geojson-extent" "^0.3.2"
    "@mapbox/geojson-normalize" "0.0.1"
    "@mapbox/geojsonhint" "3.0.0"
    "@mapbox/point-geometry" "0.1.0"
    eslint-plugin-import "^2.19.1"
    hat "0.0.3"
    lodash.isequal "^4.2.0"
    xtend "^4.0.1"

"@mapbox/mapbox-gl-supported@^1.5.0":
  version "1.5.0"
  resolved "https://registry.yarnpkg.com/@mapbox/mapbox-gl-supported/-/mapbox-gl-supported-1.5.0.tgz#f60b6a55a5d8e5ee908347d2ce4250b15103dc8e"
  integrity sha512-/PT1P6DNf7vjEEiPkVIRJkvibbqWtqnyGaBz3nfRdcxclNSnSdaLU5tfAgcD7I8Yt5i+L19s406YLl1koLnLbg==

"@mapbox/point-geometry@0.1.0", "@mapbox/point-geometry@^0.1.0", "@mapbox/point-geometry@~0.1.0":
  version "0.1.0"
  resolved "https://registry.yarnpkg.com/@mapbox/point-geometry/-/point-geometry-0.1.0.tgz#8a83f9335c7860effa2eeeca254332aa0aeed8f2"
  integrity sha1-ioP5M1x4YO/6Lu7KJUMyqgru2PI=

"@mapbox/tiny-sdf@^1.1.1":
  version "1.1.1"
  resolved "https://registry.yarnpkg.com/@mapbox/tiny-sdf/-/tiny-sdf-1.1.1.tgz#16a20c470741bfe9191deb336f46e194da4a91ff"
  integrity sha512-Ihn1nZcGIswJ5XGbgFAvVumOgWpvIjBX9jiRlIl46uQG9vJOF51ViBYHF95rEZupuyQbEmhLaDPLQlU7fUTsBg==

"@mapbox/unitbezier@^0.0.0":
  version "0.0.0"
  resolved "https://registry.yarnpkg.com/@mapbox/unitbezier/-/unitbezier-0.0.0.tgz#15651bd553a67b8581fb398810c98ad86a34524e"
  integrity sha1-FWUb1VOme4WB+zmIEMmK2Go0Uk4=

"@mapbox/vector-tile@^1.3.1":
  version "1.3.1"
  resolved "https://registry.yarnpkg.com/@mapbox/vector-tile/-/vector-tile-1.3.1.tgz#d3a74c90402d06e89ec66de49ec817ff53409666"
  integrity sha512-MCEddb8u44/xfQ3oD+Srl/tNcQoqTw3goGk2oLsrFxOTc3dUp+kAnby3PvAeeBYSMSjSPD1nd1AJA6W49WnoUw==
  dependencies:
    "@mapbox/point-geometry" "~0.1.0"

"@mapbox/whoots-js@^3.1.0":
  version "3.1.0"
  resolved "https://registry.yarnpkg.com/@mapbox/whoots-js/-/whoots-js-3.1.0.tgz#497c67a1cef50d1a2459ba60f315e448d2ad87fe"
  integrity sha512-Es6WcD0nO5l+2BOQS4uLfNPYQaNDfbot3X1XUoloz+x0mPDS3eeORZJl06HXjwBG1fOGwCRnzK88LMdxKRrd6Q==

"@turf/bbox@4.7.3":
  version "4.7.3"
  resolved "https://registry.yarnpkg.com/@turf/bbox/-/bbox-4.7.3.tgz#e3ad4f10a7e9b41b522880d33083198199059067"
  integrity sha1-461PEKfptBtSKIDTMIMZgZkFkGc=
  dependencies:
    "@turf/meta" "^4.7.3"

"@turf/helpers@4.7.3":
  version "4.7.3"
  resolved "https://registry.yarnpkg.com/@turf/helpers/-/helpers-4.7.3.tgz#bc312ac43cab3c532a483151c4c382c5649429e9"
  integrity sha1-vDEqxDyrPFMqSDFRxMOCxWSUKek=

"@turf/meta@^4.7.3":
  version "4.7.4"
  resolved "https://registry.yarnpkg.com/@turf/meta/-/meta-4.7.4.tgz#6de2f1e9890b8f64b669e4b47c09b20893063977"
  integrity sha1-beLx6YkLj2S2aeS0fAmyCJMGOXc=

"@types/geojson@*":
  version "7946.0.7"
  resolved "https://registry.yarnpkg.com/@types/geojson/-/geojson-7946.0.7.tgz#c8fa532b60a0042219cdf173ca21a975ef0666ad"
  integrity sha512-wE2v81i4C4Ol09RtsWFAqg3BUitWbHSpSlIo+bNdsCJijO9sjme+zm+73ZMCa/qMC8UEERxzGbvmr1cffo2SiQ==

"@types/json5@^0.0.29":
  version "0.0.29"
  resolved "https://registry.yarnpkg.com/@types/json5/-/json5-0.0.29.tgz#ee28707ae94e11d2b827bcbe5270bcea7f3e71ee"
  integrity sha1-7ihweulOEdK4J7y+UnC86n8+ce4=

"@types/supercluster@^5.0.1":
  version "5.0.2"
  resolved "https://registry.yarnpkg.com/@types/supercluster/-/supercluster-5.0.2.tgz#6d01faed39b5381a1c696f8133a26418a68abde4"
  integrity sha512-5PONNyiZXHS6oiW0H1rsNQ+Apkg+cqp3jP4HRhCAcgASIj3ifrFsdj1QB5TvArqT5N8RetK6UH7873COgRZwoQ==
  dependencies:
    "@types/geojson" "*"

"@types/unist@^2.0.0", "@types/unist@^2.0.2":
  version "2.0.3"
  resolved "https://registry.yarnpkg.com/@types/unist/-/unist-2.0.3.tgz#9c088679876f374eb5983f150d4787aa6fb32d7e"
  integrity sha512-FvUupuM3rlRsRtCN+fDudtmytGO6iHJuuRKS1Ss0pG5z8oX0diNEw94UEL7hgDbpN94rgaK5R7sWm6RrSkZuAQ==

"JSV@>= 4.0.x":
  version "4.0.2"
  resolved "https://registry.yarnpkg.com/JSV/-/JSV-4.0.2.tgz#d077f6825571f82132f9dffaed587b4029feff57"
  integrity sha1-0Hf2glVx+CEy+d/67Vh7QCn+/1c=

ansi-regex@^3.0.0:
  version "3.0.0"
  resolved "https://registry.yarnpkg.com/ansi-regex/-/ansi-regex-3.0.0.tgz#ed0317c322064f79466c02966bddb605ab37d998"
  integrity sha1-7QMXwyIGT3lGbAKWa922Bas32Zg=

ansi-styles@~1.0.0:
  version "1.0.0"
  resolved "https://registry.yarnpkg.com/ansi-styles/-/ansi-styles-1.0.0.tgz#cb102df1c56f5123eab8b67cd7b98027a0279178"
  integrity sha1-yxAt8cVvUSPquLZ817mAJ6AnkXg=

array-includes@^3.1.1:
  version "3.1.1"
  resolved "https://registry.yarnpkg.com/array-includes/-/array-includes-3.1.1.tgz#cdd67e6852bdf9c1215460786732255ed2459348"
  integrity sha512-c2VXaCHl7zPsvpkFsw4nxvFie4fh1ur9bpcgsVkIjqn0H/Xwdg+7fv3n2r/isyS8EBj5b06M9kHyZuIr4El6WQ==
  dependencies:
    define-properties "^1.1.3"
    es-abstract "^1.17.0"
    is-string "^1.0.5"

array.prototype.flat@^1.2.3:
  version "1.2.3"
  resolved "https://registry.yarnpkg.com/array.prototype.flat/-/array.prototype.flat-1.2.3.tgz#0de82b426b0318dbfdb940089e38b043d37f6c7b"
  integrity sha512-gBlRZV0VSmfPIeWfuuy56XZMvbVfbEUnOXUvt3F/eUUUSyzlgLxhEX4YAEpxNAogRGehPSnfXyPtYyKAhkzQhQ==
  dependencies:
    define-properties "^1.1.3"
    es-abstract "^1.17.0-next.1"

balanced-match@^1.0.0:
  version "1.0.0"
  resolved "https://registry.yarnpkg.com/balanced-match/-/balanced-match-1.0.0.tgz#89b4d199ab2bee49de164ea02b89ce462d71b767"
  integrity sha1-ibTRmasr7kneFk6gK4nORi1xt2c=

brace-expansion@^1.1.7:
  version "1.1.11"
  resolved "https://registry.yarnpkg.com/brace-expansion/-/brace-expansion-1.1.11.tgz#3c7fcbf529d87226f3d2f52b966ff5271eb441dd"
  integrity sha512-iCuPHDFgrHX7H2vEI/5xpz07zSHB00TpugqhmYtVmMO6518mCuRMoOYFldEBl0g187ufozdaHgWKcYFb61qGiA==
  dependencies:
    balanced-match "^1.0.0"
    concat-map "0.0.1"

buffer-from@^1.0.0:
  version "1.1.1"
  resolved "https://registry.yarnpkg.com/buffer-from/-/buffer-from-1.1.1.tgz#32713bc028f75c02fdb710d7c7bcec1f2c6070ef"
  integrity sha512-MQcXEUbCKtEo7bhqEs6560Hyd4XaovZlO/k9V3hjVUF/zwW7KBVdSK4gIt/bzwS9MbR5qob+F5jusZsb0YQK2A==

chalk@~0.4.0:
  version "0.4.0"
  resolved "https://registry.yarnpkg.com/chalk/-/chalk-0.4.0.tgz#5199a3ddcd0c1efe23bc08c1b027b06176e0c64f"
  integrity sha1-UZmj3c0MHv4jvAjBsCewYXbgxk8=
  dependencies:
    ansi-styles "~1.0.0"
    has-color "~0.1.0"
    strip-ansi "~0.1.0"

concat-map@0.0.1:
  version "0.0.1"
  resolved "https://registry.yarnpkg.com/concat-map/-/concat-map-0.0.1.tgz#d8a96bd77fd68df7793a73036a3ba0d5405d477b"
  integrity sha1-2Klr13/Wjfd5OnMDajug1UBdR3s=

concat-stream@^1.6.1:
  version "1.6.2"
  resolved "https://registry.yarnpkg.com/concat-stream/-/concat-stream-1.6.2.tgz#904bdf194cd3122fc675c77fc4ac3d4ff0fd1a34"
  integrity sha512-27HBghJxjiZtIk3Ycvn/4kbJk/1uZuJFfuPEns6LaEvpvG1f0hTea8lilrouyo9mVc2GWdcEZ8OLoGmSADlrCw==
  dependencies:
    buffer-from "^1.0.0"
    inherits "^2.0.3"
    readable-stream "^2.2.2"
    typedarray "^0.0.6"

concat-stream@~2.0.0:
  version "2.0.0"
  resolved "https://registry.yarnpkg.com/concat-stream/-/concat-stream-2.0.0.tgz#414cf5af790a48c60ab9be4527d56d5e41133cb1"
  integrity sha512-MWufYdFw53ccGjCA+Ol7XJYpAlW6/prSMzuPOTRnJGcGzuhLn4Scrz7qf6o8bROZ514ltazcIFJZevcfbo0x7A==
  dependencies:
    buffer-from "^1.0.0"
    inherits "^2.0.3"
    readable-stream "^3.0.2"
    typedarray "^0.0.6"

contains-path@^0.1.0:
  version "0.1.0"
  resolved "https://registry.yarnpkg.com/contains-path/-/contains-path-0.1.0.tgz#fe8cf184ff6670b6baef01a9d4861a5cbec4120a"
  integrity sha1-/ozxhP9mcLa67wGp1IYaXL7EEgo=

core-util-is@~1.0.0:
  version "1.0.2"
  resolved "https://registry.yarnpkg.com/core-util-is/-/core-util-is-1.0.2.tgz#b5fd54220aa2bc5ab57aab7140c940754503c1a7"
  integrity sha1-tf1UIgqivFq1eqtxQMlAdUUDwac=

csscolorparser@~1.0.3:
  version "1.0.3"
  resolved "https://registry.yarnpkg.com/csscolorparser/-/csscolorparser-1.0.3.tgz#b34f391eea4da8f3e98231e2ccd8df9c041f171b"
  integrity sha1-s085HupNqPPpgjHizNjfnAQfFxs=

debug@^2.6.9:
  version "2.6.9"
  resolved "https://registry.yarnpkg.com/debug/-/debug-2.6.9.tgz#5d128515df134ff327e90a4c93f4e077a536341f"
  integrity sha512-bC7ElrdJaJnPbAP+1EotYvqZsb3ecl5wi6Bfi6BJTUcNowp6cvspg0jXznRTKDjm/E7AdgFBVeAPVMNcKGsHMA==
  dependencies:
    ms "2.0.0"

deep-equal@1.0.1:
  version "1.0.1"
  resolved "https://registry.yarnpkg.com/deep-equal/-/deep-equal-1.0.1.tgz#f5d260292b660e084eff4cdbc9f08ad3247448b5"
  integrity sha1-9dJgKStmDghO/0zbyfCK0yR0SLU=

define-properties@^1.1.3:
  version "1.1.3"
  resolved "https://registry.yarnpkg.com/define-properties/-/define-properties-1.1.3.tgz#cf88da6cbee26fe6db7094f61d870cbd84cee9f1"
  integrity sha512-3MqfYKj2lLzdMSf8ZIZE/V+Zuy+BgD6f164e8K2w7dgnpKArBDerGYpM46IYYcjnkdPNMjPk9A6VFB8+3SKlXQ==
  dependencies:
    object-keys "^1.0.12"

doctrine@1.5.0:
  version "1.5.0"
  resolved "https://registry.yarnpkg.com/doctrine/-/doctrine-1.5.0.tgz#379dce730f6166f76cefa4e6707a159b02c5a6fa"
  integrity sha1-N53Ocw9hZvds76TmcHoVmwLFpvo=
  dependencies:
    esutils "^2.0.2"
    isarray "^1.0.0"

earcut@^2.2.2:
  version "2.2.2"
  resolved "https://registry.yarnpkg.com/earcut/-/earcut-2.2.2.tgz#41b0bc35f63e0fe80da7cddff28511e7e2e80d11"
  integrity sha512-eZoZPPJcUHnfRZ0PjLvx2qBordSiO8ofC3vt+qACLM95u+4DovnbYNpQtJh0DNsWj8RnxrQytD4WA8gj5cRIaQ==

error-ex@^1.2.0:
  version "1.3.2"
  resolved "https://registry.yarnpkg.com/error-ex/-/error-ex-1.3.2.tgz#b4ac40648107fdcdcfae242f428bea8a14d4f1bf"
  integrity sha512-7dFHNmqeFSEt2ZBsCriorKnn3Z2pj+fd9kmI6QoWw4//DL+icEBfc0U7qJCisqrTsKTjw4fNFy2pW9OqStD84g==
  dependencies:
    is-arrayish "^0.2.1"

es-abstract@^1.17.0, es-abstract@^1.17.0-next.1, es-abstract@^1.17.5:
  version "1.17.7"
  resolved "https://registry.yarnpkg.com/es-abstract/-/es-abstract-1.17.7.tgz#a4de61b2f66989fc7421676c1cb9787573ace54c"
  integrity sha512-VBl/gnfcJ7OercKA9MVaegWsBHFjV492syMudcnQZvt/Dw8ezpcOHYZXa/J96O8vx+g4x65YKhxOwDUh63aS5g==
  dependencies:
    es-to-primitive "^1.2.1"
    function-bind "^1.1.1"
    has "^1.0.3"
    has-symbols "^1.0.1"
    is-callable "^1.2.2"
    is-regex "^1.1.1"
    object-inspect "^1.8.0"
    object-keys "^1.1.1"
    object.assign "^4.1.1"
    string.prototype.trimend "^1.0.1"
    string.prototype.trimstart "^1.0.1"

es-abstract@^1.18.0-next.0:
  version "1.18.0-next.1"
  resolved "https://registry.yarnpkg.com/es-abstract/-/es-abstract-1.18.0-next.1.tgz#6e3a0a4bda717e5023ab3b8e90bec36108d22c68"
  integrity sha512-I4UGspA0wpZXWENrdA0uHbnhte683t3qT/1VFH9aX2dA5PPSf6QW5HHXf5HImaqPmjXaVeVk4RGWnaylmV7uAA==
  dependencies:
    es-to-primitive "^1.2.1"
    function-bind "^1.1.1"
    has "^1.0.3"
    has-symbols "^1.0.1"
    is-callable "^1.2.2"
    is-negative-zero "^2.0.0"
    is-regex "^1.1.1"
    object-inspect "^1.8.0"
    object-keys "^1.1.1"
    object.assign "^4.1.1"
    string.prototype.trimend "^1.0.1"
    string.prototype.trimstart "^1.0.1"

es-to-primitive@^1.2.1:
  version "1.2.1"
  resolved "https://registry.yarnpkg.com/es-to-primitive/-/es-to-primitive-1.2.1.tgz#e55cd4c9cdc188bcefb03b366c736323fc5c898a"
  integrity sha512-QCOllgZJtaUo9miYBcLChTUaHNjJF3PYs1VidD7AwiEj1kYxKeQTctLAezAOH5ZKRH0g2IgPn6KwB4IT8iRpvA==
  dependencies:
    is-callable "^1.1.4"
    is-date-object "^1.0.1"
    is-symbol "^1.0.2"

eslint-import-resolver-node@^0.3.4:
  version "0.3.4"
  resolved "https://registry.yarnpkg.com/eslint-import-resolver-node/-/eslint-import-resolver-node-0.3.4.tgz#85ffa81942c25012d8231096ddf679c03042c717"
  integrity sha512-ogtf+5AB/O+nM6DIeBUNr2fuT7ot9Qg/1harBfBtaP13ekEWFQEEMP94BCB7zaNW3gyY+8SHYF00rnqYwXKWOA==
  dependencies:
    debug "^2.6.9"
    resolve "^1.13.1"

eslint-module-utils@^2.6.0:
  version "2.6.0"
  resolved "https://registry.yarnpkg.com/eslint-module-utils/-/eslint-module-utils-2.6.0.tgz#579ebd094f56af7797d19c9866c9c9486629bfa6"
  integrity sha512-6j9xxegbqe8/kZY8cYpcp0xhbK0EgJlg3g9mib3/miLaExuuwc3n5UEfSnU6hWMbT0FAYVvDbL9RrRgpUeQIvA==
  dependencies:
    debug "^2.6.9"
    pkg-dir "^2.0.0"

eslint-plugin-import@^2.19.1:
  version "2.22.1"
  resolved "https://registry.yarnpkg.com/eslint-plugin-import/-/eslint-plugin-import-2.22.1.tgz#0896c7e6a0cf44109a2d97b95903c2bb689d7702"
  integrity sha512-8K7JjINHOpH64ozkAhpT3sd+FswIZTfMZTjdx052pnWrgRCVfp8op9tbjpAk3DdUeI/Ba4C8OjdC0r90erHEOw==
  dependencies:
    array-includes "^3.1.1"
    array.prototype.flat "^1.2.3"
    contains-path "^0.1.0"
    debug "^2.6.9"
    doctrine "1.5.0"
    eslint-import-resolver-node "^0.3.4"
    eslint-module-utils "^2.6.0"
    has "^1.0.3"
    minimatch "^3.0.4"
    object.values "^1.1.1"
    read-pkg-up "^2.0.0"
    resolve "^1.17.0"
    tsconfig-paths "^3.9.0"

esutils@^2.0.2:
  version "2.0.3"
  resolved "https://registry.yarnpkg.com/esutils/-/esutils-2.0.3.tgz#74d2eb4de0b8da1293711910d50775b9b710ef64"
  integrity sha512-kVscqXk4OCp68SZ0dkgEKVi6/8ij300KBWTJq32P/dYeWTSwK41WyTxalN1eRmA5Z9UU/LX9D7FWSmV9SAYx6g==

find-up@^2.0.0, find-up@^2.1.0:
  version "2.1.0"
  resolved "https://registry.yarnpkg.com/find-up/-/find-up-2.1.0.tgz#45d1b7e506c717ddd482775a2b77920a3c0c57a7"
  integrity sha1-RdG35QbHF93UgndaK3eSCjwMV6c=
  dependencies:
    locate-path "^2.0.0"

function-bind@^1.1.1:
  version "1.1.1"
  resolved "https://registry.yarnpkg.com/function-bind/-/function-bind-1.1.1.tgz#a56899d3ea3c9bab874bb9773b7c5ede92f4895d"
  integrity sha512-yIovAzMX49sF8Yl58fSCWJ5svSLuaibPxXQJFLmBObTuCr0Mf1KiPopGM9NiFjiYBCbfaa2Fh6breQ6ANVTI0A==

geojson-flatten@~0.2.1:
  version "0.2.4"
  resolved "https://registry.yarnpkg.com/geojson-flatten/-/geojson-flatten-0.2.4.tgz#8f3396f31a0f5b747e39c9e6a14088f43ba4ecfb"
  integrity sha512-LiX6Jmot8adiIdZ/fthbcKKPOfWjTQchX/ggHnwMZ2e4b0I243N1ANUos0LvnzepTEsj0+D4fIJ5bKhBrWnAHA==
  dependencies:
    get-stdin "^6.0.0"
    minimist "1.2.0"

geojson-vt@^3.2.1:
  version "3.2.1"
  resolved "https://registry.yarnpkg.com/geojson-vt/-/geojson-vt-3.2.1.tgz#f8adb614d2c1d3f6ee7c4265cad4bbf3ad60c8b7"
  integrity sha512-EvGQQi/zPrDA6zr6BnJD/YhwAkBP8nnJ9emh3EnHQKVMfg/MRVtPbMYdgVy/IaEmn4UfagD2a6fafPDL5hbtwg==

get-stdin@^6.0.0:
  version "6.0.0"
  resolved "https://registry.yarnpkg.com/get-stdin/-/get-stdin-6.0.0.tgz#9e09bf712b360ab9225e812048f71fde9c89657b"
  integrity sha512-jp4tHawyV7+fkkSKyvjuLZswblUtz+SQKzSWnBbii16BuZksJlU1wuBYXY75r+duh/llF1ur6oNwi+2ZzjKZ7g==

gl-matrix@^3.2.1:
  version "3.3.0"
  resolved "https://registry.yarnpkg.com/gl-matrix/-/gl-matrix-3.3.0.tgz#232eef60b1c8b30a28cbbe75b2caf6c48fd6358b"
  integrity sha512-COb7LDz+SXaHtl/h4LeaFcNdJdAQSDeVqjiIihSXNrkWObZLhDI4hIkZC11Aeqp7bcE72clzB0BnDXr2SmslRA==

graceful-fs@^4.1.2:
  version "4.2.4"
  resolved "https://registry.yarnpkg.com/graceful-fs/-/graceful-fs-4.2.4.tgz#2256bde14d3632958c465ebc96dc467ca07a29fb"
  integrity sha512-WjKPNJF79dtJAVniUlGGWHYGz2jWxT6VhN/4m1NdkbZ2nOsEF+cI1Edgql5zCRhs/VsQYRvrXctxktVXZUkixw==

grid-index@^1.1.0:
  version "1.1.0"
  resolved "https://registry.yarnpkg.com/grid-index/-/grid-index-1.1.0.tgz#97f8221edec1026c8377b86446a7c71e79522ea7"
  integrity sha512-HZRwumpOGUrHyxO5bqKZL0B0GlUpwtCAzZ42sgxUPniu33R1LSFH5yrIcBCHjkctCAh3mtWKcKd9J4vDDdeVHA==

has-color@~0.1.0:
  version "0.1.7"
  resolved "https://registry.yarnpkg.com/has-color/-/has-color-0.1.7.tgz#67144a5260c34fc3cca677d041daf52fe7b78b2f"
  integrity sha1-ZxRKUmDDT8PMpnfQQdr1L+e3iy8=

has-flag@^3.0.0:
  version "3.0.0"
  resolved "https://registry.yarnpkg.com/has-flag/-/has-flag-3.0.0.tgz#b5d454dc2199ae225699f3467e5a07f3b955bafd"
  integrity sha1-tdRU3CGZriJWmfNGfloH87lVuv0=

has-symbols@^1.0.1:
  version "1.0.1"
  resolved "https://registry.yarnpkg.com/has-symbols/-/has-symbols-1.0.1.tgz#9f5214758a44196c406d9bd76cebf81ec2dd31e8"
  integrity sha512-PLcsoqu++dmEIZB+6totNFKq/7Do+Z0u4oT0zKOJNl3lYK6vGwwu2hjHs+68OEZbTjiUE9bgOABXbP/GvrS0Kg==

has@^1.0.3:
  version "1.0.3"
  resolved "https://registry.yarnpkg.com/has/-/has-1.0.3.tgz#722d7cbfc1f6aa8241f16dd814e011e1f41e8796"
  integrity sha512-f2dvO0VU6Oej7RkWJGrehjbzMAjFp5/VKPp5tTpWIV4JHHZK1/BxbFRtf/siA2SWTe09caDmVtYYzWEIbBS4zw==
  dependencies:
    function-bind "^1.1.1"

hat@0.0.3:
  version "0.0.3"
  resolved "https://registry.yarnpkg.com/hat/-/hat-0.0.3.tgz#bb014a9e64b3788aed8005917413d4ff3d502d8a"
  integrity sha1-uwFKnmSzeIrtgAWRdBPU/z1QLYo=

hosted-git-info@^2.1.4:
  version "2.8.9"
  resolved "https://registry.yarnpkg.com/hosted-git-info/-/hosted-git-info-2.8.9.tgz#dffc0bf9a21c02209090f2aa69429e1414daf3f9"
  integrity sha512-mxIDAb9Lsm6DoOJ7xH+5+X4y1LU/4Hi50L9C5sIswK3JzULS4bwk1FvjdBgvYR4bzT4tuUQiC15FE2f5HbLvYw==

ieee754@^1.1.12:
  version "1.1.13"
  resolved "https://registry.yarnpkg.com/ieee754/-/ieee754-1.1.13.tgz#ec168558e95aa181fd87d37f55c32bbcb6708b84"
  integrity sha512-4vf7I2LYV/HaWerSo3XmlMkp5eZ83i+/CDluXi/IGTs/O1sejBNhTtnxzmRZfvOUqj7lZjqHkeTvpgSFDlWZTg==

inherits@^2.0.3, inherits@~2.0.3:
  version "2.0.4"
  resolved "https://registry.yarnpkg.com/inherits/-/inherits-2.0.4.tgz#0fa2c64f932917c3433a0ded55363aae37416b7c"
  integrity sha512-k/vGaX4/Yla3WzyMCvTQOXYeIHvqOKtnqBduzTHpzpQZzAskKMhZ2K+EnBiSM9zGSoIFeMpXKxa4dYeZIQqewQ==

is-arrayish@^0.2.1:
  version "0.2.1"
  resolved "https://registry.yarnpkg.com/is-arrayish/-/is-arrayish-0.2.1.tgz#77c99840527aa8ecb1a8ba697b80645a7a926a9d"
  integrity sha1-d8mYQFJ6qOyxqLppe4BkWnqSap0=

is-buffer@^2.0.0:
  version "2.0.4"
  resolved "https://registry.yarnpkg.com/is-buffer/-/is-buffer-2.0.4.tgz#3e572f23c8411a5cfd9557c849e3665e0b290623"
  integrity sha512-Kq1rokWXOPXWuaMAqZiJW4XxsmD9zGx9q4aePabbn3qCRGedtH7Cm+zV8WETitMfu1wdh+Rvd6w5egwSngUX2A==

is-callable@^1.1.4, is-callable@^1.2.2:
  version "1.2.2"
  resolved "https://registry.yarnpkg.com/is-callable/-/is-callable-1.2.2.tgz#c7c6715cd22d4ddb48d3e19970223aceabb080d9"
  integrity sha512-dnMqspv5nU3LoewK2N/y7KLtxtakvTuaCsU9FU50/QDmdbHNy/4/JuRtMHqRU22o3q+W89YQndQEeCVwK+3qrA==

is-date-object@^1.0.1:
  version "1.0.2"
  resolved "https://registry.yarnpkg.com/is-date-object/-/is-date-object-1.0.2.tgz#bda736f2cd8fd06d32844e7743bfa7494c3bfd7e"
  integrity sha512-USlDT524woQ08aoZFzh3/Z6ch9Y/EWXEHQ/AaRN0SkKq4t2Jw2R2339tSXmwuVoY7LLlBCbOIlx2myP/L5zk0g==

is-fullwidth-code-point@^2.0.0:
  version "2.0.0"
  resolved "https://registry.yarnpkg.com/is-fullwidth-code-point/-/is-fullwidth-code-point-2.0.0.tgz#a3b30a5c4f199183167aaab93beefae3ddfb654f"
  integrity sha1-o7MKXE8ZkYMWeqq5O+764937ZU8=

is-negative-zero@^2.0.0:
  version "2.0.0"
  resolved "https://registry.yarnpkg.com/is-negative-zero/-/is-negative-zero-2.0.0.tgz#9553b121b0fac28869da9ed459e20c7543788461"
  integrity sha1-lVOxIbD6wohp2p7UWeIMdUN4hGE=

is-regex@^1.1.1:
  version "1.1.1"
  resolved "https://registry.yarnpkg.com/is-regex/-/is-regex-1.1.1.tgz#c6f98aacc546f6cec5468a07b7b153ab564a57b9"
  integrity sha512-1+QkEcxiLlB7VEyFtyBg94e08OAsvq7FUBgApTq/w2ymCLyKJgDPsybBENVtA7XCQEgEXxKPonG+mvYRxh/LIg==
  dependencies:
    has-symbols "^1.0.1"

is-string@^1.0.5:
  version "1.0.5"
  resolved "https://registry.yarnpkg.com/is-string/-/is-string-1.0.5.tgz#40493ed198ef3ff477b8c7f92f644ec82a5cd3a6"
  integrity sha512-buY6VNRjhQMiF1qWDouloZlQbRhDPCebwxSjxMjxgemYT46YMd2NR0/H+fBhEfWX4A/w9TBJ+ol+okqJKFE6vQ==

is-symbol@^1.0.2:
  version "1.0.3"
  resolved "https://registry.yarnpkg.com/is-symbol/-/is-symbol-1.0.3.tgz#38e1014b9e6329be0de9d24a414fd7441ec61937"
  integrity sha512-OwijhaRSgqvhm/0ZdAcXNZt9lYdKFpcRDT5ULUuYXPoT794UNOdU+gpT6Rzo7b4V2HUl/op6GqY894AZwv9faQ==
  dependencies:
    has-symbols "^1.0.1"

isarray@^1.0.0, isarray@~1.0.0:
  version "1.0.0"
  resolved "https://registry.yarnpkg.com/isarray/-/isarray-1.0.0.tgz#bb935d48582cba168c06834957a54a3e07124f11"
  integrity sha1-u5NdSFgsuhaMBoNJV6VKPgcSTxE=

json5@^1.0.1:
  version "1.0.1"
  resolved "https://registry.yarnpkg.com/json5/-/json5-1.0.1.tgz#779fb0018604fa854eacbf6252180d83543e3dbe"
  integrity sha512-aKS4WQjPenRxiQsC93MNfjx+nbF4PAdYzmd/1JIj8HYzqfbu86beTuNgXDzPknWk0n0uARlyewZo4s++ES36Ow==
  dependencies:
    minimist "^1.2.0"

jsonlint-lines@1.7.1:
  version "1.7.1"
  resolved "https://registry.yarnpkg.com/jsonlint-lines/-/jsonlint-lines-1.7.1.tgz#507de680d3fb8c4be1641cc57d6f679f29f178ff"
  integrity sha1-UH3mgNP7jEvhZBzFfW9nnynxeP8=
  dependencies:
    JSV ">= 4.0.x"
    nomnom ">= 1.5.x"

kdbush@^3.0.0:
  version "3.0.0"
  resolved "https://registry.yarnpkg.com/kdbush/-/kdbush-3.0.0.tgz#f8484794d47004cc2d85ed3a79353dbe0abc2bf0"
  integrity sha512-hRkd6/XW4HTsA9vjVpY9tuXJYLSlelnkTmVFu4M9/7MIYQtFcHpbugAU7UbOfjOiVSVYl2fqgBuJ32JUmRo5Ew==

load-json-file@^2.0.0:
  version "2.0.0"
  resolved "https://registry.yarnpkg.com/load-json-file/-/load-json-file-2.0.0.tgz#7947e42149af80d696cbf797bcaabcfe1fe29ca8"
  integrity sha1-eUfkIUmvgNaWy/eXvKq8/h/inKg=
  dependencies:
    graceful-fs "^4.1.2"
    parse-json "^2.2.0"
    pify "^2.0.0"
    strip-bom "^3.0.0"

locate-path@^2.0.0:
  version "2.0.0"
  resolved "https://registry.yarnpkg.com/locate-path/-/locate-path-2.0.0.tgz#2b568b265eec944c6d9c0de9c3dbbbca0354cd8e"
  integrity sha1-K1aLJl7slExtnA3pw9u7ygNUzY4=
  dependencies:
    p-locate "^2.0.0"
    path-exists "^3.0.0"

lodash.isequal@^4.2.0:
  version "4.5.0"
  resolved "https://registry.yarnpkg.com/lodash.isequal/-/lodash.isequal-4.5.0.tgz#415c4478f2bcc30120c22ce10ed3226f7d3e18e0"
  integrity sha1-QVxEePK8wwEgwizhDtMib30+GOA=

mapbox-gl@^1.12.0:
  version "1.12.0"
  resolved "https://registry.yarnpkg.com/mapbox-gl/-/mapbox-gl-1.12.0.tgz#7d1c73b1153d7ee219d30d80728d7df079bc7c05"
  integrity sha512-B3URR4qY9R/Bx+DKqP8qmGCai8IOZYMSZF7ZSvcCZaYTaOYhQQi8ErTEDZtFMOR0ZPj7HFWOkkhl5SqvDfpJpA==
  dependencies:
    "@mapbox/geojson-rewind" "^0.5.0"
    "@mapbox/geojson-types" "^1.0.2"
    "@mapbox/jsonlint-lines-primitives" "^2.0.2"
    "@mapbox/mapbox-gl-supported" "^1.5.0"
    "@mapbox/point-geometry" "^0.1.0"
    "@mapbox/tiny-sdf" "^1.1.1"
    "@mapbox/unitbezier" "^0.0.0"
    "@mapbox/vector-tile" "^1.3.1"
    "@mapbox/whoots-js" "^3.1.0"
    csscolorparser "~1.0.3"
    earcut "^2.2.2"
    geojson-vt "^3.2.1"
    gl-matrix "^3.2.1"
    grid-index "^1.1.0"
    minimist "^1.2.5"
    murmurhash-js "^1.0.0"
    pbf "^3.2.1"
    potpack "^1.0.1"
    quickselect "^2.0.0"
    rw "^1.3.3"
    supercluster "^7.1.0"
    tinyqueue "^2.0.3"
    vt-pbf "^3.1.1"

minimatch@^3.0.4:
  version "3.0.4"
  resolved "https://registry.yarnpkg.com/minimatch/-/minimatch-3.0.4.tgz#5166e286457f03306064be5497e8dbb0c3d32083"
  integrity sha512-yJHVQEhyqPLUTgt9B83PXu6W3rx4MvvHvSUvToogpwoGDOUQ+yDrR0HRot+yOCdCO7u4hX3pWft6kWBBcqh0UA==
  dependencies:
    brace-expansion "^1.1.7"

minimist@1.2.0:
  version "1.2.0"
  resolved "https://registry.yarnpkg.com/minimist/-/minimist-1.2.0.tgz#a35008b20f41383eec1fb914f4cd5df79a264284"
  integrity sha1-o1AIsg9BOD7sH7kU9M1d95omQoQ=

minimist@^1.2.0, minimist@^1.2.5:
  version "1.2.5"
  resolved "https://registry.yarnpkg.com/minimist/-/minimist-1.2.5.tgz#67d66014b66a6a8aaa0c083c5fd58df4e4e97602"
  integrity sha512-FM9nNUYrRBAELZQT3xeZQ7fmMOBg6nWNmJKTcgsJeaLstP/UODVpGsr5OhXhhXg6f+qtJ8uiZ+PUxkDWcgIXLw==

ms@2.0.0:
  version "2.0.0"
  resolved "https://registry.yarnpkg.com/ms/-/ms-2.0.0.tgz#5608aeadfc00be6c2901df5f9861788de0d597c8"
  integrity sha1-VgiurfwAvmwpAd9fmGF4jeDVl8g=

murmurhash-js@^1.0.0:
  version "1.0.0"
  resolved "https://registry.yarnpkg.com/murmurhash-js/-/murmurhash-js-1.0.0.tgz#b06278e21fc6c37fa5313732b0412bcb6ae15f51"
  integrity sha1-sGJ44h/Gw3+lMTcysEEry2rhX1E=

"nomnom@>= 1.5.x":
  version "1.8.1"
  resolved "https://registry.yarnpkg.com/nomnom/-/nomnom-1.8.1.tgz#2151f722472ba79e50a76fc125bb8c8f2e4dc2a7"
  integrity sha1-IVH3Ikcrp55Qp2/BJbuMjy5Nwqc=
  dependencies:
    chalk "~0.4.0"
    underscore "~1.6.0"

normalize-package-data@^2.3.2:
  version "2.5.0"
  resolved "https://registry.yarnpkg.com/normalize-package-data/-/normalize-package-data-2.5.0.tgz#e66db1838b200c1dfc233225d12cb36520e234a8"
  integrity sha512-/5CMN3T0R4XTj4DcGaexo+roZSdSFW/0AOOTROrjxzCG1wrWXEsGbRKevjlIL+ZDE4sZlJr5ED4YW0yqmkK+eA==
  dependencies:
    hosted-git-info "^2.1.4"
    resolve "^1.10.0"
    semver "2 || 3 || 4 || 5"
    validate-npm-package-license "^3.0.1"

object-inspect@^1.8.0:
  version "1.8.0"
  resolved "https://registry.yarnpkg.com/object-inspect/-/object-inspect-1.8.0.tgz#df807e5ecf53a609cc6bfe93eac3cc7be5b3a9d0"
  integrity sha512-jLdtEOB112fORuypAyl/50VRVIBIdVQOSUUGQHzJ4xBSbit81zRarz7GThkEFZy1RceYrWYcPcBFPQwHyAc1gA==

object-keys@^1.0.12, object-keys@^1.1.1:
  version "1.1.1"
  resolved "https://registry.yarnpkg.com/object-keys/-/object-keys-1.1.1.tgz#1c47f272df277f3b1daf061677d9c82e2322c60e"
  integrity sha512-NuAESUOUMrlIXOfHKzD6bpPu3tYt3xvjNdRIQ+FeT0lNb4K8WR70CaDxhuNguS2XG+GjkyMwOzsN5ZktImfhLA==

object.assign@^4.1.1:
  version "4.1.1"
  resolved "https://registry.yarnpkg.com/object.assign/-/object.assign-4.1.1.tgz#303867a666cdd41936ecdedfb1f8f3e32a478cdd"
  integrity sha512-VT/cxmx5yaoHSOTSyrCygIDFco+RsibY2NM0a4RdEeY/4KgqezwFtK1yr3U67xYhqJSlASm2pKhLVzPj2lr4bA==
  dependencies:
    define-properties "^1.1.3"
    es-abstract "^1.18.0-next.0"
    has-symbols "^1.0.1"
    object-keys "^1.1.1"

object.values@^1.1.1:
  version "1.1.1"
  resolved "https://registry.yarnpkg.com/object.values/-/object.values-1.1.1.tgz#68a99ecde356b7e9295a3c5e0ce31dc8c953de5e"
  integrity sha512-WTa54g2K8iu0kmS/us18jEmdv1a4Wi//BZ/DTVYEcH0XhLM5NYdpDHja3gt57VrZLcNAO2WGA+KpWsDBaHt6eA==
  dependencies:
    define-properties "^1.1.3"
    es-abstract "^1.17.0-next.1"
    function-bind "^1.1.1"
    has "^1.0.3"

p-limit@^1.1.0:
  version "1.3.0"
  resolved "https://registry.yarnpkg.com/p-limit/-/p-limit-1.3.0.tgz#b86bd5f0c25690911c7590fcbfc2010d54b3ccb8"
  integrity sha512-vvcXsLAJ9Dr5rQOPk7toZQZJApBl2K4J6dANSsEuh6QI41JYcsS/qhTGa9ErIUUgK3WNQoJYvylxvjqmiqEA9Q==
  dependencies:
    p-try "^1.0.0"

p-locate@^2.0.0:
  version "2.0.0"
  resolved "https://registry.yarnpkg.com/p-locate/-/p-locate-2.0.0.tgz#20a0103b222a70c8fd39cc2e580680f3dde5ec43"
  integrity sha1-IKAQOyIqcMj9OcwuWAaA893l7EM=
  dependencies:
    p-limit "^1.1.0"

p-try@^1.0.0:
  version "1.0.0"
  resolved "https://registry.yarnpkg.com/p-try/-/p-try-1.0.0.tgz#cbc79cdbaf8fd4228e13f621f2b1a237c1b207b3"
  integrity sha1-y8ec26+P1CKOE/Yh8rGiN8GyB7M=

parse-json@^2.2.0:
  version "2.2.0"
  resolved "https://registry.yarnpkg.com/parse-json/-/parse-json-2.2.0.tgz#f480f40434ef80741f8469099f8dea18f55a4dc9"
  integrity sha1-9ID0BDTvgHQfhGkJn43qGPVaTck=
  dependencies:
    error-ex "^1.2.0"

path-exists@^3.0.0:
  version "3.0.0"
  resolved "https://registry.yarnpkg.com/path-exists/-/path-exists-3.0.0.tgz#ce0ebeaa5f78cb18925ea7d810d7b59b010fd515"
  integrity sha1-zg6+ql94yxiSXqfYENe1mwEP1RU=

path-parse@^1.0.6:
  version "1.0.6"
  resolved "https://registry.yarnpkg.com/path-parse/-/path-parse-1.0.6.tgz#d62dbb5679405d72c4737ec58600e9ddcf06d24c"
  integrity sha512-GSmOT2EbHrINBf9SR7CDELwlJ8AENk3Qn7OikK4nFYAu3Ote2+JYNVvkpAEQm3/TLNEJFD/xZJjzyxg3KBWOzw==

path-type@^2.0.0:
  version "2.0.0"
  resolved "https://registry.yarnpkg.com/path-type/-/path-type-2.0.0.tgz#f012ccb8415b7096fc2daa1054c3d72389594c73"
  integrity sha1-8BLMuEFbcJb8LaoQVMPXI4lZTHM=
  dependencies:
    pify "^2.0.0"

pbf@^3.0.5, pbf@^3.2.1:
  version "3.2.1"
  resolved "https://registry.yarnpkg.com/pbf/-/pbf-3.2.1.tgz#b4c1b9e72af966cd82c6531691115cc0409ffe2a"
  integrity sha512-ClrV7pNOn7rtmoQVF4TS1vyU0WhYRnP92fzbfF75jAIwpnzdJXf8iTd4CMEqO4yUenH6NDqLiwjqlh6QgZzgLQ==
  dependencies:
    ieee754 "^1.1.12"
    resolve-protobuf-schema "^2.1.0"

pify@^2.0.0:
  version "2.3.0"
  resolved "https://registry.yarnpkg.com/pify/-/pify-2.3.0.tgz#ed141a6ac043a849ea588498e7dca8b15330e90c"
  integrity sha1-7RQaasBDqEnqWISY59yosVMw6Qw=

pkg-dir@^2.0.0:
  version "2.0.0"
  resolved "https://registry.yarnpkg.com/pkg-dir/-/pkg-dir-2.0.0.tgz#f6d5d1109e19d63edf428e0bd57e12777615334b"
  integrity sha1-9tXREJ4Z1j7fQo4L1X4Sd3YVM0s=
  dependencies:
    find-up "^2.1.0"

potpack@^1.0.1:
  version "1.0.1"
  resolved "https://registry.yarnpkg.com/potpack/-/potpack-1.0.1.tgz#d1b1afd89e4c8f7762865ec30bd112ab767e2ebf"
  integrity sha512-15vItUAbViaYrmaB/Pbw7z6qX2xENbFSTA7Ii4tgbPtasxm5v6ryKhKtL91tpWovDJzTiZqdwzhcFBCwiMVdVw==

process-nextick-args@~2.0.0:
  version "2.0.1"
  resolved "https://registry.yarnpkg.com/process-nextick-args/-/process-nextick-args-2.0.1.tgz#7820d9b16120cc55ca9ae7792680ae7dba6d7fe2"
  integrity sha512-3ouUOpQhtgrbOa17J7+uxOTpITYWaGP7/AhoR3+A+/1e9skrzelGi/dXzEYyvbxubEF6Wn2ypscTKiKJFFn1ag==

protocol-buffers-schema@^3.3.1:
  version "3.4.0"
  resolved "https://registry.yarnpkg.com/protocol-buffers-schema/-/protocol-buffers-schema-3.4.0.tgz#2f0ea31ca96627d680bf2fefae7ebfa2b6453eae"
  integrity sha512-G/2kcamPF2S49W5yaMGdIpkG6+5wZF0fzBteLKgEHjbNzqjZQ85aAs1iJGto31EJaSTkNvHs5IXuHSaTLWBAiA==

quickselect@^2.0.0:
  version "2.0.0"
  resolved "https://registry.yarnpkg.com/quickselect/-/quickselect-2.0.0.tgz#f19680a486a5eefb581303e023e98faaf25dd018"
  integrity sha512-RKJ22hX8mHe3Y6wH/N3wCM6BWtjaxIyyUIkpHOvfFnxdI4yD4tBXEBKSbriGujF6jnSVkJrffuo6vxACiSSxIw==

react-mapbox-gl-draw@^2.0.4:
  version "2.0.4"
  resolved "https://registry.yarnpkg.com/react-mapbox-gl-draw/-/react-mapbox-gl-draw-2.0.4.tgz#476d70a6efc07c329fa61c11022bcdab60ac4b91"
  integrity sha512-oaBdIlyu+g7PhLUvwnCsl/wvu+5tGB9I3RLjcrYLt6U1sUMzQJqplKtVxXRv9TZqRdNaAU5qNOP+dRs55QKjsA==

react-mapbox-gl@^4.8.6:
  version "4.8.6"
  resolved "https://registry.yarnpkg.com/react-mapbox-gl/-/react-mapbox-gl-4.8.6.tgz#c3841bac882a297f60efce50cac4060e3a1c3f81"
  integrity sha512-e6rJ4GFye2AIu10I0a0OfleIWYkigIMIysoSKCA4Wg5YHa52JRHq2F3x0c0cnhqfz1txnUhXUbkx2qqs8B6kKQ==
  dependencies:
    "@turf/bbox" "4.7.3"
    "@turf/helpers" "4.7.3"
    "@types/supercluster" "^5.0.1"
    deep-equal "1.0.1"
    supercluster "^7.0.0"

read-pkg-up@^2.0.0:
  version "2.0.0"
  resolved "https://registry.yarnpkg.com/read-pkg-up/-/read-pkg-up-2.0.0.tgz#6b72a8048984e0c41e79510fd5e9fa99b3b549be"
  integrity sha1-a3KoBImE4MQeeVEP1en6mbO1Sb4=
  dependencies:
    find-up "^2.0.0"
    read-pkg "^2.0.0"

read-pkg@^2.0.0:
  version "2.0.0"
  resolved "https://registry.yarnpkg.com/read-pkg/-/read-pkg-2.0.0.tgz#8ef1c0623c6a6db0dc6713c4bfac46332b2368f8"
  integrity sha1-jvHAYjxqbbDcZxPEv6xGMysjaPg=
  dependencies:
    load-json-file "^2.0.0"
    normalize-package-data "^2.3.2"
    path-type "^2.0.0"

readable-stream@^2.2.2:
  version "2.3.7"
  resolved "https://registry.yarnpkg.com/readable-stream/-/readable-stream-2.3.7.tgz#1eca1cf711aef814c04f62252a36a62f6cb23b57"
  integrity sha512-Ebho8K4jIbHAxnuxi7o42OrZgF/ZTNcsZj6nRKyUmkhLFq8CHItp/fy6hQZuZmP/n3yZ9VBUbp4zz/mX8hmYPw==
  dependencies:
    core-util-is "~1.0.0"
    inherits "~2.0.3"
    isarray "~1.0.0"
    process-nextick-args "~2.0.0"
    safe-buffer "~5.1.1"
    string_decoder "~1.1.1"
    util-deprecate "~1.0.1"

readable-stream@^3.0.2:
  version "3.6.0"
  resolved "https://registry.yarnpkg.com/readable-stream/-/readable-stream-3.6.0.tgz#337bbda3adc0706bd3e024426a286d4b4b2c9198"
  integrity sha512-BViHy7LKeTz4oNnkcLJ+lVSL6vpiFeX6/d3oSH8zCW7UxP2onchk+vTGB143xuFjHS3deTgkKoXXymXqymiIdA==
  dependencies:
    inherits "^2.0.3"
    string_decoder "^1.1.1"
    util-deprecate "^1.0.1"

repeat-string@^1.5.0:
  version "1.6.1"
  resolved "https://registry.yarnpkg.com/repeat-string/-/repeat-string-1.6.1.tgz#8dcae470e1c88abc2d600fff4a776286da75e637"
  integrity sha1-jcrkcOHIirwtYA//Sndihtp15jc=

replace-ext@1.0.0:
  version "1.0.0"
  resolved "https://registry.yarnpkg.com/replace-ext/-/replace-ext-1.0.0.tgz#de63128373fcbf7c3ccfa4de5a480c45a67958eb"
  integrity sha1-3mMSg3P8v3w8z6TeWkgMRaZ5WOs=

resolve-protobuf-schema@^2.1.0:
  version "2.1.0"
  resolved "https://registry.yarnpkg.com/resolve-protobuf-schema/-/resolve-protobuf-schema-2.1.0.tgz#9ca9a9e69cf192bbdaf1006ec1973948aa4a3758"
  integrity sha512-kI5ffTiZWmJaS/huM8wZfEMer1eRd7oJQhDuxeCLe3t7N7mX3z94CN0xPxBQxFYQTSNz9T0i+v6inKqSdK8xrQ==
  dependencies:
    protocol-buffers-schema "^3.3.1"

resolve@^1.10.0, resolve@^1.13.1, resolve@^1.17.0:
  version "1.17.0"
  resolved "https://registry.yarnpkg.com/resolve/-/resolve-1.17.0.tgz#b25941b54968231cc2d1bb76a79cb7f2c0bf8444"
  integrity sha512-ic+7JYiV8Vi2yzQGFWOkiZD5Z9z7O2Zhm9XMaTxdJExKasieFCr+yXZ/WmXsckHiKl12ar0y6XiXDx3m4RHn1w==
  dependencies:
    path-parse "^1.0.6"

rw@^1.3.3:
  version "1.3.3"
  resolved "https://registry.yarnpkg.com/rw/-/rw-1.3.3.tgz#3f862dfa91ab766b14885ef4d01124bfda074fb4"
  integrity sha1-P4Yt+pGrdmsUiF700BEkv9oHT7Q=

rw@~0.1.4:
  version "0.1.4"
  resolved "https://registry.yarnpkg.com/rw/-/rw-0.1.4.tgz#4903cbd80248ae0ede685bf58fd236a7a9b29a3e"
  integrity sha1-SQPL2AJIrg7eaFv1j9I2p6mymj4=

safe-buffer@~5.1.0, safe-buffer@~5.1.1:
  version "5.1.2"
  resolved "https://registry.yarnpkg.com/safe-buffer/-/safe-buffer-5.1.2.tgz#991ec69d296e0313747d59bdfd2b745c35f8828d"
  integrity sha512-Gd2UZBJDkXlY7GbJxfsE8/nvKkUEU1G38c1siN6QP6a9PT9MmHB8GnpscSmMJSoF8LOIrt8ud/wPtojys4G6+g==

safe-buffer@~5.2.0:
  version "5.2.1"
  resolved "https://registry.yarnpkg.com/safe-buffer/-/safe-buffer-5.2.1.tgz#1eaf9fa9bdb1fdd4ec75f58f9cdb4e6b7827eec6"
  integrity sha512-rp3So07KcdmmKbGvgaNxQSJr7bGVSVk5S9Eq1F+ppbRo70+YeaDxkw5Dd8NPN+GD6bjnYm2VuPuCXmpuYvmCXQ==

"semver@2 || 3 || 4 || 5":
  version "5.7.1"
  resolved "https://registry.yarnpkg.com/semver/-/semver-5.7.1.tgz#a954f931aeba508d307bbf069eff0c01c96116f7"
  integrity sha512-sauaDf/PZdVgrLTNYHRtpXa1iRiKcaebiKQ1BJdpQlWH2lCvexQdX55snPFyK7QzpudqbCI0qXFfOasHdyNDGQ==

spdx-correct@^3.0.0:
  version "3.1.1"
  resolved "https://registry.yarnpkg.com/spdx-correct/-/spdx-correct-3.1.1.tgz#dece81ac9c1e6713e5f7d1b6f17d468fa53d89a9"
  integrity sha512-cOYcUWwhCuHCXi49RhFRCyJEK3iPj1Ziz9DpViV3tbZOwXD49QzIN3MpOLJNxh2qwq2lJJZaKMVw9qNi4jTC0w==
  dependencies:
    spdx-expression-parse "^3.0.0"
    spdx-license-ids "^3.0.0"

spdx-exceptions@^2.1.0:
  version "2.3.0"
  resolved "https://registry.yarnpkg.com/spdx-exceptions/-/spdx-exceptions-2.3.0.tgz#3f28ce1a77a00372683eade4a433183527a2163d"
  integrity sha512-/tTrYOC7PPI1nUAgx34hUpqXuyJG+DTHJTnIULG4rDygi4xu/tfgmq1e1cIRwRzwZgo4NLySi+ricLkZkw4i5A==

spdx-expression-parse@^3.0.0:
  version "3.0.1"
  resolved "https://registry.yarnpkg.com/spdx-expression-parse/-/spdx-expression-parse-3.0.1.tgz#cf70f50482eefdc98e3ce0a6833e4a53ceeba679"
  integrity sha512-cbqHunsQWnJNE6KhVSMsMeH5H/L9EpymbzqTQ3uLwNCLZ1Q481oWaofqH7nO6V07xlXwY6PhQdQ2IedWx/ZK4Q==
  dependencies:
    spdx-exceptions "^2.1.0"
    spdx-license-ids "^3.0.0"

spdx-license-ids@^3.0.0:
  version "3.0.6"
  resolved "https://registry.yarnpkg.com/spdx-license-ids/-/spdx-license-ids-3.0.6.tgz#c80757383c28abf7296744998cbc106ae8b854ce"
  integrity sha512-+orQK83kyMva3WyPf59k1+Y525csj5JejicWut55zeTWANuN17qSiSLUXWtzHeNWORSvT7GLDJ/E/XiIWoXBTw==

string-width@^2.0.0:
  version "2.1.1"
  resolved "https://registry.yarnpkg.com/string-width/-/string-width-2.1.1.tgz#ab93f27a8dc13d28cac815c462143a6d9012ae9e"
  integrity sha512-nOqH59deCq9SRHlxq1Aw85Jnt4w6KvLKqWVik6oA9ZklXLNIOlqg4F2yrT1MVaTjAqvVwdfeZ7w7aCvJD7ugkw==
  dependencies:
    is-fullwidth-code-point "^2.0.0"
    strip-ansi "^4.0.0"

string.prototype.trimend@^1.0.1:
  version "1.0.1"
  resolved "https://registry.yarnpkg.com/string.prototype.trimend/-/string.prototype.trimend-1.0.1.tgz#85812a6b847ac002270f5808146064c995fb6913"
  integrity sha512-LRPxFUaTtpqYsTeNKaFOw3R4bxIzWOnbQ837QfBylo8jIxtcbK/A/sMV7Q+OAV/vWo+7s25pOE10KYSjaSO06g==
  dependencies:
    define-properties "^1.1.3"
    es-abstract "^1.17.5"

string.prototype.trimstart@^1.0.1:
  version "1.0.1"
  resolved "https://registry.yarnpkg.com/string.prototype.trimstart/-/string.prototype.trimstart-1.0.1.tgz#14af6d9f34b053f7cfc89b72f8f2ee14b9039a54"
  integrity sha512-XxZn+QpvrBI1FOcg6dIpxUPgWCPuNXvMD72aaRaUQv1eD4e/Qy8i/hFTe0BUmD60p/QA6bh1avmuPTfNjqVWRw==
  dependencies:
    define-properties "^1.1.3"
    es-abstract "^1.17.5"

string_decoder@^1.1.1:
  version "1.3.0"
  resolved "https://registry.yarnpkg.com/string_decoder/-/string_decoder-1.3.0.tgz#42f114594a46cf1a8e30b0a84f56c78c3edac21e"
  integrity sha512-hkRX8U1WjJFd8LsDJ2yQ/wWWxaopEsABU1XfkM8A+j0+85JAGppt16cr1Whg6KIbb4okU6Mql6BOj+uup/wKeA==
  dependencies:
    safe-buffer "~5.2.0"

string_decoder@~1.1.1:
  version "1.1.1"
  resolved "https://registry.yarnpkg.com/string_decoder/-/string_decoder-1.1.1.tgz#9cf1611ba62685d7030ae9e4ba34149c3af03fc8"
  integrity sha512-n/ShnvDi6FHbbVfviro+WojiFzv+s8MPMHBczVePfUpDJLwoLT0ht1l4YwBCbi8pJAveEEdnkHyPyTP/mzRfwg==
  dependencies:
    safe-buffer "~5.1.0"

strip-ansi@^4.0.0:
  version "4.0.0"
  resolved "https://registry.yarnpkg.com/strip-ansi/-/strip-ansi-4.0.0.tgz#a8479022eb1ac368a871389b635262c505ee368f"
  integrity sha1-qEeQIusaw2iocTibY1JixQXuNo8=
  dependencies:
    ansi-regex "^3.0.0"

strip-ansi@~0.1.0:
  version "0.1.1"
  resolved "https://registry.yarnpkg.com/strip-ansi/-/strip-ansi-0.1.1.tgz#39e8a98d044d150660abe4a6808acf70bb7bc991"
  integrity sha1-OeipjQRNFQZgq+SmgIrPcLt7yZE=

strip-bom@^3.0.0:
  version "3.0.0"
  resolved "https://registry.yarnpkg.com/strip-bom/-/strip-bom-3.0.0.tgz#2334c18e9c759f7bdd56fdef7e9ae3d588e68ed3"
  integrity sha1-IzTBjpx1n3vdVv3vfprj1YjmjtM=

supercluster@^7.0.0, supercluster@^7.1.0:
  version "7.1.0"
  resolved "https://registry.yarnpkg.com/supercluster/-/supercluster-7.1.0.tgz#f0a457426ec0ab95d69c5f03b51e049774b94479"
  integrity sha512-LDasImUAFMhTqhK+cUXfy9C2KTUqJ3gucLjmNLNFmKWOnDUBxLFLH9oKuXOTCLveecmxh8fbk8kgh6Q0gsfe2w==
  dependencies:
    kdbush "^3.0.0"

supports-color@^5.0.0:
  version "5.5.0"
  resolved "https://registry.yarnpkg.com/supports-color/-/supports-color-5.5.0.tgz#e2e69a44ac8772f78a1ec0b35b689df6530efc8f"
  integrity sha512-QjVjwdXIt408MIiAqCX4oUKsgU2EqAGzs2Ppkm4aQYbjm+ZEWEcW4SfFNTr4uMNZma0ey4f5lgLrkB0aX0QMow==
  dependencies:
    has-flag "^3.0.0"

tinyqueue@^2.0.3:
  version "2.0.3"
  resolved "https://registry.yarnpkg.com/tinyqueue/-/tinyqueue-2.0.3.tgz#64d8492ebf39e7801d7bd34062e29b45b2035f08"
  integrity sha512-ppJZNDuKGgxzkHihX8v9v9G5f+18gzaTfrukGrq6ueg0lmH4nqVnA2IPG0AEH3jKEk2GRJCUhDoqpoiw3PHLBA==

traverse@~0.6.6:
  version "0.6.6"
  resolved "https://registry.yarnpkg.com/traverse/-/traverse-0.6.6.tgz#cbdf560fd7b9af632502fed40f918c157ea97137"
  integrity sha1-y99WD9e5r2MlAv7UD5GMFX6pcTc=

tsconfig-paths@^3.9.0:
  version "3.9.0"
  resolved "https://registry.yarnpkg.com/tsconfig-paths/-/tsconfig-paths-3.9.0.tgz#098547a6c4448807e8fcb8eae081064ee9a3c90b"
  integrity sha512-dRcuzokWhajtZWkQsDVKbWyY+jgcLC5sqJhg2PSgf4ZkH2aHPvaOY8YWGhmjb68b5qqTfasSsDO9k7RUiEmZAw==
  dependencies:
    "@types/json5" "^0.0.29"
    json5 "^1.0.1"
    minimist "^1.2.0"
    strip-bom "^3.0.0"

typedarray@^0.0.6:
  version "0.0.6"
  resolved "https://registry.yarnpkg.com/typedarray/-/typedarray-0.0.6.tgz#867ac74e3864187b1d3d47d996a78ec5c8830777"
  integrity sha1-hnrHTjhkGHsdPUfZlqeOxciDB3c=

underscore@~1.6.0:
  version "1.6.0"
  resolved "https://registry.yarnpkg.com/underscore/-/underscore-1.6.0.tgz#8b38b10cacdef63337b8b24e4ff86d45aea529a8"
  integrity sha1-izixDKze9jM3uLJOT/htRa6lKag=

unist-util-stringify-position@^2.0.0:
  version "2.0.3"
  resolved "https://registry.yarnpkg.com/unist-util-stringify-position/-/unist-util-stringify-position-2.0.3.tgz#cce3bfa1cdf85ba7375d1d5b17bdc4cada9bd9da"
  integrity sha512-3faScn5I+hy9VleOq/qNbAd6pAx7iH5jYBMS9I1HgQVijz/4mv5Bvw5iw1sC/90CODiKo81G/ps8AJrISn687g==
  dependencies:
    "@types/unist" "^2.0.2"

util-deprecate@^1.0.1, util-deprecate@~1.0.1:
  version "1.0.2"
  resolved "https://registry.yarnpkg.com/util-deprecate/-/util-deprecate-1.0.2.tgz#450d4dc9fa70de732762fbd2d4a28981419a0ccf"
  integrity sha1-RQ1Nyfpw3nMnYvvS1KKJgUGaDM8=

validate-npm-package-license@^3.0.1:
  version "3.0.4"
  resolved "https://registry.yarnpkg.com/validate-npm-package-license/-/validate-npm-package-license-3.0.4.tgz#fc91f6b9c7ba15c857f4cb2c5defeec39d4f410a"
  integrity sha512-DpKm2Ui/xN7/HQKCtpZxoRWBhZ9Z0kqtygG8XCgNQ8ZlDnxuQmWhj566j8fN4Cu3/JmbhsDo7fcAJq4s9h27Ew==
  dependencies:
    spdx-correct "^3.0.0"
    spdx-expression-parse "^3.0.0"

vfile-message@^2.0.0:
  version "2.0.4"
  resolved "https://registry.yarnpkg.com/vfile-message/-/vfile-message-2.0.4.tgz#5b43b88171d409eae58477d13f23dd41d52c371a"
  integrity sha512-DjssxRGkMvifUOJre00juHoP9DPWuzjxKuMDrhNbk2TdaYYBNMStsNhEOt3idrtI12VQYM/1+iM0KOzXi4pxwQ==
  dependencies:
    "@types/unist" "^2.0.0"
    unist-util-stringify-position "^2.0.0"

vfile-reporter@^5.1.1:
  version "5.1.2"
  resolved "https://registry.yarnpkg.com/vfile-reporter/-/vfile-reporter-5.1.2.tgz#80f1db5cbe8f9c12f2f30cce3e2cd18353a48519"
  integrity sha512-b15sTuss1wOPWVlyWOvu+n6wGJ/eTYngz3uqMLimQvxZ+Q5oFQGYZZP1o3dR9sk58G5+wej0UPCZSwQBX/mzrQ==
  dependencies:
    repeat-string "^1.5.0"
    string-width "^2.0.0"
    supports-color "^5.0.0"
    unist-util-stringify-position "^2.0.0"
    vfile-sort "^2.1.2"
    vfile-statistics "^1.1.0"

vfile-sort@^2.1.2:
  version "2.2.2"
  resolved "https://registry.yarnpkg.com/vfile-sort/-/vfile-sort-2.2.2.tgz#720fe067ce156aba0b411a01bb0dc65596aa1190"
  integrity sha512-tAyUqD2R1l/7Rn7ixdGkhXLD3zsg+XLAeUDUhXearjfIcpL1Hcsj5hHpCoy/gvfK/Ws61+e972fm0F7up7hfYA==

vfile-statistics@^1.1.0:
  version "1.1.4"
  resolved "https://registry.yarnpkg.com/vfile-statistics/-/vfile-statistics-1.1.4.tgz#b99fd15ecf0f44ba088cc973425d666cb7a9f245"
  integrity sha512-lXhElVO0Rq3frgPvFBwahmed3X03vjPF8OcjKMy8+F1xU/3Q3QU3tKEDp743SFtb74PdF0UWpxPvtOP0GCLheA==

vfile@^4.0.0:
  version "4.2.0"
  resolved "https://registry.yarnpkg.com/vfile/-/vfile-4.2.0.tgz#26c78ac92eb70816b01d4565e003b7e65a2a0e01"
  integrity sha512-a/alcwCvtuc8OX92rqqo7PflxiCgXRFjdyoGVuYV+qbgCb0GgZJRvIgCD4+U/Kl1yhaRsaTwksF88xbPyGsgpw==
  dependencies:
    "@types/unist" "^2.0.0"
    is-buffer "^2.0.0"
    replace-ext "1.0.0"
    unist-util-stringify-position "^2.0.0"
    vfile-message "^2.0.0"

vt-pbf@^3.1.1:
  version "3.1.1"
  resolved "https://registry.yarnpkg.com/vt-pbf/-/vt-pbf-3.1.1.tgz#b0f627e39a10ce91d943b898ed2363d21899fb82"
  integrity sha512-pHjWdrIoxurpmTcbfBWXaPwSmtPAHS105253P1qyEfSTV2HJddqjM+kIHquaT/L6lVJIk9ltTGc0IxR/G47hYA==
  dependencies:
    "@mapbox/point-geometry" "0.1.0"
    "@mapbox/vector-tile" "^1.3.1"
    pbf "^3.0.5"

wgs84@0.0.0:
  version "0.0.0"
  resolved "https://registry.yarnpkg.com/wgs84/-/wgs84-0.0.0.tgz#34fdc555917b6e57cf2a282ed043710c049cdc76"
  integrity sha1-NP3FVZF7blfPKigu0ENxDASc3HY=

xtend@^4.0.1:
  version "4.0.2"
  resolved "https://registry.yarnpkg.com/xtend/-/xtend-4.0.2.tgz#bb72779f5fa465186b1f438f674fa347fdb5db54"
  integrity sha512-LKYU1iAXJXUgAXn9URjiu+MWhyUXHsvfp7mcuYm9dSUKK0/CjtrUwFAxD82/mCWbtLsGjFIad0wIsod4zrTAEQ==
